# @generated - this file is auto-generated by `mise lock` https://mise.jdx.dev/dev-tools/mise-lock.html

[[tools.java]]
version = "temurin-21.0.10+7.0.LTS"
backend = "core:java"

[tools.java."platforms.linux-arm64"]
checksum = "sha256:357fee29fb0d5c079f6730db98b28942df13a6eed426f6c61cd4ad703ab27b9a"
url = "https://github.com/adoptium/temurin21-binaries/releases/download/jdk-21.0.10%2B7/OpenJDK21U-jdk_aarch64_linux_hotspot_21.0.10_7.tar.gz"

[tools.java."platforms.linux-arm64-musl"]
checksum = "sha256:19eba6c3877612157ef1f46deb92745b4567cfcd64b79f15449c68cd2b7501e3"
url = "https://github.com/adoptium/temurin21-binaries/releases/download/jdk-21.0.10%2B7/OpenJDK21U-jdk_aarch64_alpine-linux_hotspot_21.0.10_7.tar.gz"

[tools.java."platforms.linux-x64"]
checksum = "sha256:ea3b9bd464d6dd253e9a7accf59f7ccd2a36e4aa69640b7251e3370caef896a4"
url = "https://github.com/adoptium/temurin21-binaries/releases/download/jdk-21.0.10%2B7/OpenJDK21U-jdk_x64_linux_hotspot_21.0.10_7.tar.gz"

[tools.java."platforms.linux-x64-musl"]
checksum = "sha256:8eb39f442c3c603e414af43844b419a9b5d4f3fe221181f323aa4eec1bd20cf8"
url = "https://github.com/adoptium/temurin21-binaries/releases/download/jdk-21.0.10%2B7/OpenJDK21U-jdk_x64_alpine-linux_hotspot_21.0.10_7.tar.gz"

[tools.java."platforms.macos-arm64"]
checksum = "sha256:01ca390455216ca27bdddf8cfad51aaedb4f90e1e23aad9bfd9e90caaa2c5f1b"
url = "https://github.com/adoptium/temurin21-binaries/releases/download/jdk-21.0.10%2B7/OpenJDK21U-jdk_aarch64_mac_hotspot_21.0.10_7.tar.gz"

[tools.java."platforms.macos-x64"]
checksum = "sha256:7484d5d4cdb02fc17a842ab86ddac2524a0365066659c46b2e258c64152379cd"
url = "https://github.com/adoptium/temurin21-binaries/releases/download/jdk-21.0.10%2B7/OpenJDK21U-jdk_x64_mac_hotspot_21.0.10_7.tar.gz"

[tools.java."platforms.windows-x64"]
checksum = "sha256:08cae782814f027f8b159d6b68823f0f87422eb475c1a0ea1abc7a4357aaf11f"
url = "https://github.com/adoptium/temurin21-binaries/releases/download/jdk-21.0.10%2B7/OpenJDK21U-jdk_x64_windows_hotspot_21.0.10_7.zip"

[[tools.maven]]
version = "3.9.16"
backend = "asdf:maven"
